
Microsoft Visual Studio Solution File, Format Version 12.00
# Visual Studio Version 17
VisualStudioVersion = 17.7.34009.444
MinimumVisualStudioVersion = 10.0.40219.1
Project("{9A19103F-16F7-4668-BE54-9A1E7A4F7556}") = "Sample.DotNet8.WebApi", "src\Sample.DotNet8.WebApi\Sample.DotNet8.WebApi.csproj", "{3D123345-FAEB-4A10-B929-4C11ED2E9513}"
EndProject
Project("{FAE04EC0-301F-11D3-BF4B-00C04F79EFBC}") = "Sample.DotNet8.WebApi.Core", "src\Sample.DotNet8.WebApi.Core\Sample.DotNet8.WebApi.Core.csproj", "{A356B7CE-C102-4A2F-8AB6-718295A4C670}"
EndProject
Global
	GlobalSection(SolutionConfigurationPlatforms) = preSolution
		Debug|Any CPU = Debug|Any CPU
		Release|Any CPU = Release|Any CPU
	EndGlobalSection
	GlobalSection(ProjectConfigurationPlatforms) = postSolution
		{3D123345-FAEB-4A10-B929-4C11ED2E9513}.Debug|Any CPU.ActiveCfg = Debug|Any CPU
		{3D123345-FAEB-4A10-B929-4C11ED2E9513}.Debug|Any CPU.Build.0 = Debug|Any CPU
		{3D123345-FAEB-4A10-B929-4C11ED2E9513}.Release|Any CPU.ActiveCfg = Release|Any CPU
		{3D123345-FAEB-4A10-B929-4C11ED2E9513}.Release|Any CPU.Build.0 = Release|Any CPU
		{A356B7CE-C102-4A2F-8AB6-718295A4C670}.Debug|Any CPU.ActiveCfg = Debug|Any CPU
		{A356B7CE-C102-4A2F-8AB6-718295A4C670}.Debug|Any CPU.Build.0 = Debug|Any CPU
		{A356B7CE-C102-4A2F-8AB6-718295A4C670}.Release|Any CPU.ActiveCfg = Release|Any CPU
		{A356B7CE-C102-4A2F-8AB6-718295A4C670}.Release|Any CPU.Build.0 = Release|Any CPU
	EndGlobalSection
	GlobalSection(SolutionProperties) = preSolution
		HideSolutionNode = FALSE
	EndGlobalSection
	GlobalSection(ExtensibilityGlobals) = postSolution
		SolutionGuid = {59897D4B-F2BA-496F-9052-464BCEBF2C5E}
	EndGlobalSection
EndGlobal
